
Microsoft Visual Studio Solution File, Format Version 12.00
# Visual Studio Version 17
VisualStudioVersion = 17.10.35027.167
MinimumVisualStudioVersion = 10.0.40219.1
Project("{8BC9CEB8-8B4A-11D0-8D11-00A0C91BC942}") = "Glfw", "Glfw\Glfw.vcxproj", "{D708C481-CC62-4089-99C0-27EEC7B55EFF}"
EndProject
Global
	GlobalSection(SolutionConfigurationPlatforms) = preSolution
		Debug|x64 = Debug|x64
		Debug|x86 = Debug|x86
		Release|x64 = Release|x64
		Release|x86 = Release|x86
	EndGlobalSection
	GlobalSection(ProjectConfigurationPlatforms) = postSolution
		{D708C481-CC62-4089-99C0-27EEC7B55EFF}.Debug|x64.ActiveCfg = Debug|x64
		{D708C481-CC62-4089-99C0-27EEC7B55EFF}.Debug|x64.Build.0 = Debug|x64
		{D708C481-CC62-4089-99C0-27EEC7B55EFF}.Debug|x86.ActiveCfg = Debug|Win32
		{D708C481-CC62-4089-99C0-27EEC7B55EFF}.Debug|x86.Build.0 = Debug|Win32
		{D708C481-CC62-4089-99C0-27EEC7B55EFF}.Release|x64.ActiveCfg = Release|x64
		{D708C481-CC62-4089-99C0-27EEC7B55EFF}.Release|x64.Build.0 = Release|x64
		{D708C481-CC62-4089-99C0-27EEC7B55EFF}.Release|x86.ActiveCfg = Release|Win32
		{D708C481-CC62-4089-99C0-27EEC7B55EFF}.Release|x86.Build.0 = Release|Win32
	EndGlobalSection
	GlobalSection(SolutionProperties) = preSolution
		HideSolutionNode = FALSE
	EndGlobalSection
	GlobalSection(ExtensibilityGlobals) = postSolution
		SolutionGuid = {B3689CE8-1733-475F-9336-8DF7D7D6FA6B}
	EndGlobalSection
EndGlobal
